<?xml version="1.0" encoding="utf-8"?>
<Project ToolsVersion="4.0" xmlns="http://schemas.microsoft.com/developer/msbuild/2003">
  <ItemGroup>
    <ClInclude Include="common.hpp" />
    <ClInclude Include="logger.hpp" />
    <ClInclude Include="pointers.hpp" />
    <ClInclude Include="memory\fwddec.hpp" />
    <ClInclude Include="memory\handle.hpp" />
    <ClInclude Include="memory\module.hpp" />
    <ClInclude Include="memory\pattern.hpp" />
    <ClInclude Include="memory\pattern_batch.hpp" />
    <ClInclude Include="memory\range.hpp" />
    <ClInclude Include="memory\all.hpp" />
    <ClInclude Include="imgui\imconfig.h" />
    <ClInclude Include="imgui\imgui.h" />
    <ClInclude Include="imgui\imgui_impl_dx11.h" />
    <ClInclude Include="imgui\imgui_impl_win32.h" />
    <ClInclude Include="imgui\imgui_internal.h" />
    <ClInclude Include="imgui\imstb_rectpack.h" />
    <ClInclude Include="imgui\imstb_textedit.h" />
    <ClInclude Include="imgui\imstb_truetype.h" />
    <ClInclude Include="renderer.hpp" />
    <ClInclude Include="gui.hpp" />
    <ClInclude Include="detour_hook.hpp" />
    <ClInclude Include="script.hpp" />
    <ClInclude Include="script_mgr.hpp" />
    <ClInclude Include="function_types.hpp" />
    <ClInclude Include="gta\fwddec.hpp" />
    <ClInclude Include="gta\script_thread.hpp" />
    <ClInclude Include="gta\tls_context.hpp" />
    <ClInclude Include="gta\array.hpp" />
    <ClInclude Include="gta\script_handler.hpp" />
    <ClInclude Include="gta\script_id.hpp" />
    <ClInclude Include="gta\net_game_event.hpp" />
    <ClInclude Include="gta\joaat.hpp" />
    <ClInclude Include="features.hpp" />
    <ClInclude Include="gta\enums.hpp" />
    <ClInclude Include="gta\natives.hpp" />
    <ClInclude Include="invoker.hpp" />
    <ClInclude Include="crossmap.hpp" />
    <ClInclude Include="natives.hpp" />
    <ClInclude Include="gta\vector.hpp" />
    <ClInclude Include="gta\color.hpp" />
    <ClInclude Include="vmt_hook.hpp" />
    <ClInclude Include="fonts.hpp" />
    <ClInclude Include="gta\ref_aware.hpp" />
    <ClInclude Include="gta\base.hpp" />
    <ClInclude Include="gta\matrix.hpp" />
    <ClInclude Include="fiber_pool.hpp" />
    <ClInclude Include="script_global.hpp" />
    <ClInclude Include="gta\node_list.hpp" />
    <ClInclude Include="hooking.hpp" />
    <ClInclude Include="gta_util.hpp" />
    <ClInclude Include="gta\player.hpp" />
    <ClInclude Include="script_hook.hpp" />
    <ClInclude Include="gta\script_program.hpp" />
    <ClInclude Include="gta\ped_factory.hpp" />
    <ClInclude Include="gta\extensible.hpp" />
  </ItemGroup>
  <ItemGroup>
    <ClCompile Include="common.cpp" />
    <ClCompile Include="main.cpp" />
    <ClCompile Include="hooking.cpp" />
    <ClCompile Include="pointers.cpp" />
    <ClCompile Include="memory\module.cpp" />
    <ClCompile Include="memory\pattern.cpp" />
    <ClCompile Include="memory\pattern_batch.cpp" />
    <ClCompile Include="memory\range.cpp" />
    <ClCompile Include="imgui\imgui.cpp" />
    <ClCompile Include="imgui\imgui_demo.cpp" />
    <ClCompile Include="imgui\imgui_draw.cpp" />
    <ClCompile Include="imgui\imgui_impl_dx11.cpp" />
    <ClCompile Include="imgui\imgui_impl_win32.cpp" />
    <ClCompile Include="imgui\imgui_widgets.cpp" />
    <ClCompile Include="renderer.cpp" />
    <ClCompile Include="gui.cpp" />
    <ClCompile Include="detour_hook.cpp" />
    <ClCompile Include="script.cpp" />
    <ClCompile Include="script_mgr.cpp" />
    <ClCompile Include="features.cpp" />
    <ClCompile Include="invoker.cpp" />
    <ClCompile Include="vmt_hook.cpp" />
    <ClCompile Include="fonts.cpp" />
    <ClCompile Include="fiber_pool.cpp" />
    <ClCompile Include="script_global.cpp" />
    <ClCompile Include="script_hook.cpp" />
  </ItemGroup>
</Project>